
Microsoft Visual Studio Solution File, Format Version 12.00
# Visual Studio 15
VisualStudioVersion = 15.0.27703.2047
MinimumVisualStudioVersion = 10.0.40219.1
Project("{FAE04EC0-301F-11D3-BF4B-00C04F79EFBC}") = "MyQueueConsoleApp", "MyQueueConsoleApp\MyQueueConsoleApp.csproj", "{608E942E-32F8-4056-8403-D00DE931F652}"
EndProject
Global
	GlobalSection(SolutionConfigurationPlatforms) = preSolution
		Debug|Any CPU = Debug|Any CPU
		Release|Any CPU = Release|Any CPU
	EndGlobalSection
	GlobalSection(ProjectConfigurationPlatforms) = postSolution
		{608E942E-32F8-4056-8403-D00DE931F652}.Debug|Any CPU.ActiveCfg = Debug|Any CPU
		{608E942E-32F8-4056-8403-D00DE931F652}.Debug|Any CPU.Build.0 = Debug|Any CPU
		{608E942E-32F8-4056-8403-D00DE931F652}.Release|Any CPU.ActiveCfg = Release|Any CPU
		{608E942E-32F8-4056-8403-D00DE931F652}.Release|Any CPU.Build.0 = Release|Any CPU
	EndGlobalSection
	GlobalSection(SolutionProperties) = preSolution
		HideSolutionNode = FALSE
	EndGlobalSection
	GlobalSection(ExtensibilityGlobals) = postSolution
		SolutionGuid = {55D8A9DD-8575-4316-B298-07082ED5ED5D}
	EndGlobalSection
EndGlobal
