
Microsoft Visual Studio Solution File, Format Version 12.00
# Visual Studio 15
VisualStudioVersion = 15.0.27703.2047
MinimumVisualStudioVersion = 10.0.40219.1
Project("{FAE04EC0-301F-11D3-BF4B-00C04F79EFBC}") = "MyLinkedListConsoleApp", "MyLinkedListConsoleApp\MyLinkedListConsoleApp.csproj", "{24528AFA-BBA0-4799-B822-42A622537006}"
EndProject
Global
	GlobalSection(SolutionConfigurationPlatforms) = preSolution
		Debug|Any CPU = Debug|Any CPU
		Release|Any CPU = Release|Any CPU
	EndGlobalSection
	GlobalSection(ProjectConfigurationPlatforms) = postSolution
		{24528AFA-BBA0-4799-B822-42A622537006}.Debug|Any CPU.ActiveCfg = Debug|Any CPU
		{24528AFA-BBA0-4799-B822-42A622537006}.Debug|Any CPU.Build.0 = Debug|Any CPU
		{24528AFA-BBA0-4799-B822-42A622537006}.Release|Any CPU.ActiveCfg = Release|Any CPU
		{24528AFA-BBA0-4799-B822-42A622537006}.Release|Any CPU.Build.0 = Release|Any CPU
	EndGlobalSection
	GlobalSection(SolutionProperties) = preSolution
		HideSolutionNode = FALSE
	EndGlobalSection
	GlobalSection(ExtensibilityGlobals) = postSolution
		SolutionGuid = {C4A228B2-29A0-4968-9905-F5E1EF5E4DEF}
	EndGlobalSection
EndGlobal
